
Microsoft Visual Studio Solution File, Format Version 12.00
# Visual Studio 15
VisualStudioVersion = 15.0.27428.2015
MinimumVisualStudioVersion = 10.0.40219.1
Project("{FAE04EC0-301F-11D3-BF4B-00C04F79EFBC}") = "Vision.Web", "Vision.Web\Vision.Web.csproj", "{AF29F410-B22A-4BD1-A15C-EFC63AF7E216}"
EndProject
Project("{FAE04EC0-301F-11D3-BF4B-00C04F79EFBC}") = "Vision.Core", "Vision.Core\Vision.Core.csproj", "{63773F87-347E-4149-8B01-C3ABE2F1775F}"
EndProject
Project("{FAE04EC0-301F-11D3-BF4B-00C04F79EFBC}") = "Vision.Domain", "Vision.Domain\Vision.Domain.csproj", "{7380F2E1-8B65-4BD8-B167-ED79C196C2B2}"
EndProject
Global
	GlobalSection(SolutionConfigurationPlatforms) = preSolution
		Debug|Any CPU = Debug|Any CPU
		Release|Any CPU = Release|Any CPU
	EndGlobalSection
	GlobalSection(ProjectConfigurationPlatforms) = postSolution
		{AF29F410-B22A-4BD1-A15C-EFC63AF7E216}.Debug|Any CPU.ActiveCfg = Debug|Any CPU
		{AF29F410-B22A-4BD1-A15C-EFC63AF7E216}.Debug|Any CPU.Build.0 = Debug|Any CPU
		{AF29F410-B22A-4BD1-A15C-EFC63AF7E216}.Release|Any CPU.ActiveCfg = Release|Any CPU
		{AF29F410-B22A-4BD1-A15C-EFC63AF7E216}.Release|Any CPU.Build.0 = Release|Any CPU
		{63773F87-347E-4149-8B01-C3ABE2F1775F}.Debug|Any CPU.ActiveCfg = Debug|Any CPU
		{63773F87-347E-4149-8B01-C3ABE2F1775F}.Debug|Any CPU.Build.0 = Debug|Any CPU
		{63773F87-347E-4149-8B01-C3ABE2F1775F}.Release|Any CPU.ActiveCfg = Release|Any CPU
		{63773F87-347E-4149-8B01-C3ABE2F1775F}.Release|Any CPU.Build.0 = Release|Any CPU
		{7380F2E1-8B65-4BD8-B167-ED79C196C2B2}.Debug|Any CPU.ActiveCfg = Debug|Any CPU
		{7380F2E1-8B65-4BD8-B167-ED79C196C2B2}.Debug|Any CPU.Build.0 = Debug|Any CPU
		{7380F2E1-8B65-4BD8-B167-ED79C196C2B2}.Release|Any CPU.ActiveCfg = Release|Any CPU
		{7380F2E1-8B65-4BD8-B167-ED79C196C2B2}.Release|Any CPU.Build.0 = Release|Any CPU
	EndGlobalSection
	GlobalSection(SolutionProperties) = preSolution
		HideSolutionNode = FALSE
	EndGlobalSection
	GlobalSection(ExtensibilityGlobals) = postSolution
		SolutionGuid = {8DC59FA1-5F49-46BD-9911-01D79263B2B7}
	EndGlobalSection
EndGlobal
